
Microsoft Visual Studio Solution File, Format Version 12.00
# Visual Studio 2012
Project("{FAE04EC0-301F-11D3-BF4B-00C04F79EFBC}") = "ProjectSample", "ProjectSample\ProjectSample.csproj", "{964273E8-E6CB-4F11-B19E-0B2A0B841FB3}"
EndProject
Project("{FAE04EC0-301F-11D3-BF4B-00C04F79EFBC}") = "DataAccessLayer", "DataAccessLayer\DataAccessLayer.csproj", "{279A8F36-AAAD-4897-8DC5-497C9FEEA6C3}"
EndProject
Project("{FAE04EC0-301F-11D3-BF4B-00C04F79EFBC}") = "BusinessLayer", "BusinessLayer\BusinessLayer.csproj", "{6DF1312D-8139-4BC1-B1CD-7D04348CC29D}"
EndProject
Global
	GlobalSection(SolutionConfigurationPlatforms) = preSolution
		Debug|Any CPU = Debug|Any CPU
		Release|Any CPU = Release|Any CPU
	EndGlobalSection
	GlobalSection(ProjectConfigurationPlatforms) = postSolution
		{964273E8-E6CB-4F11-B19E-0B2A0B841FB3}.Debug|Any CPU.ActiveCfg = Debug|Any CPU
		{964273E8-E6CB-4F11-B19E-0B2A0B841FB3}.Debug|Any CPU.Build.0 = Debug|Any CPU
		{964273E8-E6CB-4F11-B19E-0B2A0B841FB3}.Release|Any CPU.ActiveCfg = Release|Any CPU
		{964273E8-E6CB-4F11-B19E-0B2A0B841FB3}.Release|Any CPU.Build.0 = Release|Any CPU
		{279A8F36-AAAD-4897-8DC5-497C9FEEA6C3}.Debug|Any CPU.ActiveCfg = Debug|Any CPU
		{279A8F36-AAAD-4897-8DC5-497C9FEEA6C3}.Debug|Any CPU.Build.0 = Debug|Any CPU
		{279A8F36-AAAD-4897-8DC5-497C9FEEA6C3}.Release|Any CPU.ActiveCfg = Release|Any CPU
		{279A8F36-AAAD-4897-8DC5-497C9FEEA6C3}.Release|Any CPU.Build.0 = Release|Any CPU
		{6DF1312D-8139-4BC1-B1CD-7D04348CC29D}.Debug|Any CPU.ActiveCfg = Debug|Any CPU
		{6DF1312D-8139-4BC1-B1CD-7D04348CC29D}.Debug|Any CPU.Build.0 = Debug|Any CPU
		{6DF1312D-8139-4BC1-B1CD-7D04348CC29D}.Release|Any CPU.ActiveCfg = Release|Any CPU
		{6DF1312D-8139-4BC1-B1CD-7D04348CC29D}.Release|Any CPU.Build.0 = Release|Any CPU
	EndGlobalSection
	GlobalSection(SolutionProperties) = preSolution
		HideSolutionNode = FALSE
	EndGlobalSection
EndGlobal
